
Microsoft Visual Studio Solution File, Format Version 12.00
# Visual Studio Version 16
VisualStudioVersion = 16.0.34031.81
MinimumVisualStudioVersion = 10.0.40219.1
Project("{FAE04EC0-301F-11D3-BF4B-00C04F79EFBC}") = "lab4", "lab4\lab4.csproj", "{6C5564EE-EF56-4CC3-93B4-AD4F7D20E822}"
EndProject
Global
	GlobalSection(SolutionConfigurationPlatforms) = preSolution
		Debug|Any CPU = Debug|Any CPU
		Release|Any CPU = Release|Any CPU
	EndGlobalSection
	GlobalSection(ProjectConfigurationPlatforms) = postSolution
		{6C5564EE-EF56-4CC3-93B4-AD4F7D20E822}.Debug|Any CPU.ActiveCfg = Debug|Any CPU
		{6C5564EE-EF56-4CC3-93B4-AD4F7D20E822}.Debug|Any CPU.Build.0 = Debug|Any CPU
		{6C5564EE-EF56-4CC3-93B4-AD4F7D20E822}.Release|Any CPU.ActiveCfg = Release|Any CPU
		{6C5564EE-EF56-4CC3-93B4-AD4F7D20E822}.Release|Any CPU.Build.0 = Release|Any CPU
	EndGlobalSection
	GlobalSection(SolutionProperties) = preSolution
		HideSolutionNode = FALSE
	EndGlobalSection
	GlobalSection(ExtensibilityGlobals) = postSolution
		SolutionGuid = {C3A4FED9-5311-4439-8DCF-5E275A5A3099}
	EndGlobalSection
EndGlobal
